
Microsoft Visual Studio Solution File, Format Version 12.00
# Visual Studio Version 17
VisualStudioVersion = 17.2.32516.85
MinimumVisualStudioVersion = 10.0.40219.1
Project("{FAE04EC0-301F-11D3-BF4B-00C04F79EFBC}") = "Sort_WPF", "Sort_WPF\Sort_WPF.csproj", "{90FC681B-E3FE-4B6A-87E0-7F31A4E1F0A5}"
EndProject
Global
	GlobalSection(SolutionConfigurationPlatforms) = preSolution
		Debug|Any CPU = Debug|Any CPU
		Release|Any CPU = Release|Any CPU
	EndGlobalSection
	GlobalSection(ProjectConfigurationPlatforms) = postSolution
		{90FC681B-E3FE-4B6A-87E0-7F31A4E1F0A5}.Debug|Any CPU.ActiveCfg = Debug|Any CPU
		{90FC681B-E3FE-4B6A-87E0-7F31A4E1F0A5}.Debug|Any CPU.Build.0 = Debug|Any CPU
		{90FC681B-E3FE-4B6A-87E0-7F31A4E1F0A5}.Release|Any CPU.ActiveCfg = Release|Any CPU
		{90FC681B-E3FE-4B6A-87E0-7F31A4E1F0A5}.Release|Any CPU.Build.0 = Release|Any CPU
	EndGlobalSection
	GlobalSection(SolutionProperties) = preSolution
		HideSolutionNode = FALSE
	EndGlobalSection
	GlobalSection(ExtensibilityGlobals) = postSolution
		SolutionGuid = {77B224BB-643B-4A7B-8C66-A0C49127699A}
	EndGlobalSection
EndGlobal
